<?xml version="1.0" encoding="utf-8"?>
<Project ToolsVersion="4.0" xmlns="http://schemas.microsoft.com/developer/msbuild/2003">
  <ItemGroup>
    <Filter Include="Source Files">
      <UniqueIdentifier>{4FC737F1-C7A5-4376-A066-2A32D752A2FF}</UniqueIdentifier>
      <Extensions>cpp;c;cc;cxx;c++;cppm;ixx;def;odl;idl;hpj;bat;asm;asmx</Extensions>
    </Filter>
    <Filter Include="main">
      <UniqueIdentifier>{93995380-89BD-4b04-88EB-625FBE52EBFB}</UniqueIdentifier>
      <Extensions>h;hh;hpp;hxx;h++;hm;inl;inc;ipp;xsd</Extensions>
    </Filter>
    <Filter Include="Clock">
      <UniqueIdentifier>{67DA6AB6-F800-4c08-8B7A-83BB121AAD01}</UniqueIdentifier>
      <Extensions>rc;ico;cur;bmp;dlg;rc2;rct;bin;rgs;gif;jpg;jpeg;jpe;resx;tiff;tif;png;wav;mfcribbon-ms</Extensions>
    </Filter>
    <Filter Include="Clock\Digits">
      <UniqueIdentifier>{74e8c885-9c4f-488d-b65f-829965059303}</UniqueIdentifier>
    </Filter>
    <Filter Include="Clock\Time">
      <UniqueIdentifier>{bce9c439-6c3e-464b-a310-bb9d74b91911}</UniqueIdentifier>
    </Filter>
    <Filter Include="Library">
      <UniqueIdentifier>{f0ee08be-ef8d-4054-82a4-4752a497230c}</UniqueIdentifier>
    </Filter>
  </ItemGroup>
  <ItemGroup>
    <ClCompile Include="main.cpp">
      <Filter>main</Filter>
    </ClCompile>
    <ClCompile Include="Clock.cpp">
      <Filter>Clock</Filter>
    </ClCompile>
  </ItemGroup>
  <ItemGroup>
    <ClInclude Include="Digits.h">
      <Filter>Clock\Digits</Filter>
    </ClInclude>
    <ClInclude Include="Time.h">
      <Filter>Clock\Time</Filter>
    </ClInclude>
    <ClInclude Include="Clock.h">
      <Filter>Clock</Filter>
    </ClInclude>
    <ClInclude Include="lib.h">
      <Filter>Library</Filter>
    </ClInclude>
    <ClInclude Include="Color.h">
      <Filter>Source Files</Filter>
    </ClInclude>
    <ClInclude Include="InnerSize.h">
      <Filter>Source Files</Filter>
    </ClInclude>
    <ClInclude Include="Config.h">
      <Filter>Source Files</Filter>
    </ClInclude>
  </ItemGroup>
</Project>